
Microsoft Visual Studio Solution File, Format Version 12.00
# Visual Studio Version 17
VisualStudioVersion = 17.14.36623.8
MinimumVisualStudioVersion = 10.0.40219.1
Project("{FAE04EC0-301F-11D3-BF4B-00C04F79EFBC}") = "Project.Api", "Project.Api.csproj", "{82F0FA17-530B-46E2-B9DF-616EED687EF2}"
EndProject
Project("{2150E333-8FDC-42A3-9474-1A3956D46DE8}") = "Элементы решения", "Элементы решения", "{754FC069-D67B-A9D7-50A1-8D1CA196D8F1}"
	ProjectSection(SolutionItems) = preProject
		.gitignore = .gitignore
	EndProjectSection
EndProject
Global
	GlobalSection(SolutionConfigurationPlatforms) = preSolution
		Debug|Any CPU = Debug|Any CPU
		Release|Any CPU = Release|Any CPU
	EndGlobalSection
	GlobalSection(ProjectConfigurationPlatforms) = postSolution
		{82F0FA17-530B-46E2-B9DF-616EED687EF2}.Debug|Any CPU.ActiveCfg = Debug|Any CPU
		{82F0FA17-530B-46E2-B9DF-616EED687EF2}.Debug|Any CPU.Build.0 = Debug|Any CPU
		{82F0FA17-530B-46E2-B9DF-616EED687EF2}.Release|Any CPU.ActiveCfg = Release|Any CPU
		{82F0FA17-530B-46E2-B9DF-616EED687EF2}.Release|Any CPU.Build.0 = Release|Any CPU
	EndGlobalSection
	GlobalSection(SolutionProperties) = preSolution
		HideSolutionNode = FALSE
	EndGlobalSection
	GlobalSection(ExtensibilityGlobals) = postSolution
		SolutionGuid = {87E8684F-94AA-4F2A-AAE8-58E8931DCB9A}
	EndGlobalSection
EndGlobal
